// !$*UTF8*$!
{
	archiveVersion = 1;
	classes = {
	};
	objectVersion = 50;
	objects = {

/* Begin PBXBuildFile section */
		2F0FCE5921B4527E00219A96 /* AppDelegate.swift in Sources */ = {isa = PBXBuildFile; fileRef = 2F0FCE5821B4527E00219A96 /* AppDelegate.swift */; };
		2F0FCE5D21B4527F00219A96 /* Assets.xcassets in Resources */ = {isa = PBXBuildFile; fileRef = 2F0FCE5C21B4527F00219A96 /* Assets.xcassets */; };
		2F0FCE6021B4527F00219A96 /* Main.storyboard in Resources */ = {isa = PBXBuildFile; fileRef = 2F0FCE5E21B4527F00219A96 /* Main.storyboard */; };
		2F0FCE6921B4565400219A96 /* PopoverViewController.swift in Sources */ = {isa = PBXBuildFile; fileRef = 2F0FCE6821B4565400219A96 /* PopoverViewController.swift */; };
		2F0FCE6B21B45AB300219A96 /* EventMonitor.swift in Sources */ = {isa = PBXBuildFile; fileRef = 2F0FCE6A21B45AB300219A96 /* EventMonitor.swift */; };
		2F0FCE6D21B69D9800219A96 /* AccessibilityHelper.swift in Sources */ = {isa = PBXBuildFile; fileRef = 2F0FCE6C21B69D9800219A96 /* AccessibilityHelper.swift */; };
		2F0FCE9021B724BC00219A96 /* CocoaHelper.swift in Sources */ = {isa = PBXBuildFile; fileRef = 2F0FCE8F21B724BC00219A96 /* CocoaHelper.swift */; };
/* End PBXBuildFile section */

/* Begin PBXFileReference section */
		2F0FCE5521B4527E00219A96 /* SizeAndMove-macOS.app */ = {isa = PBXFileReference; explicitFileType = wrapper.application; includeInIndex = 0; path = "SizeAndMove-macOS.app"; sourceTree = BUILT_PRODUCTS_DIR; };
		2F0FCE5821B4527E00219A96 /* AppDelegate.swift */ = {isa = PBXFileReference; lastKnownFileType = sourcecode.swift; path = AppDelegate.swift; sourceTree = "<group>"; };
		2F0FCE5C21B4527F00219A96 /* Assets.xcassets */ = {isa = PBXFileReference; lastKnownFileType = folder.assetcatalog; path = Assets.xcassets; sourceTree = "<group>"; };
		2F0FCE5F21B4527F00219A96 /* Base */ = {isa = PBXFileReference; lastKnownFileType = file.storyboard; name = Base; path = Base.lproj/Main.storyboard; sourceTree = "<group>"; };
		2F0FCE6121B4527F00219A96 /* Info.plist */ = {isa = PBXFileReference; lastKnownFileType = text.plist.xml; path = Info.plist; sourceTree = "<group>"; };
		2F0FCE6221B4527F00219A96 /* SizeAndMove_macOS.entitlements */ = {isa = PBXFileReference; lastKnownFileType = text.plist.entitlements; path = SizeAndMove_macOS.entitlements; sourceTree = "<group>"; };
		2F0FCE6821B4565400219A96 /* PopoverViewController.swift */ = {isa = PBXFileReference; lastKnownFileType = sourcecode.swift; path = PopoverViewController.swift; sourceTree = "<group>"; };
		2F0FCE6A21B45AB300219A96 /* EventMonitor.swift */ = {isa = PBXFileReference; lastKnownFileType = sourcecode.swift; path = EventMonitor.swift; sourceTree = "<group>"; };
		2F0FCE6C21B69D9800219A96 /* AccessibilityHelper.swift */ = {isa = PBXFileReference; lastKnownFileType = sourcecode.swift; path = AccessibilityHelper.swift; sourceTree = "<group>"; };
		2F0FCE6F21B6A09F00219A96 /* ApplicationServices.framework */ = {isa = PBXFileReference; lastKnownFileType = wrapper.framework; name = ApplicationServices.framework; path = System/Library/Frameworks/ApplicationServices.framework; sourceTree = SDKROOT; };
		2F0FCE8E21B71B4E00219A96 /* README.md */ = {isa = PBXFileReference; lastKnownFileType = net.daringfireball.markdown; path = README.md; sourceTree = "<group>"; };
		2F0FCE8F21B724BC00219A96 /* CocoaHelper.swift */ = {isa = PBXFileReference; lastKnownFileType = sourcecode.swift; path = CocoaHelper.swift; sourceTree = "<group>"; };
/* End PBXFileReference section */

/* Begin PBXFrameworksBuildPhase section */
		2F0FCE5221B4527E00219A96 /* Frameworks */ = {
			isa = PBXFrameworksBuildPhase;
			buildActionMask = 2147483647;
			files = (
			);
			runOnlyForDeploymentPostprocessing = 0;
		};
/* End PBXFrameworksBuildPhase section */

/* Begin PBXGroup section */
		2F0FCE4C21B4527E00219A96 = {
			isa = PBXGroup;
			children = (
				2F0FCE8E21B71B4E00219A96 /* README.md */,
				2F0FCE5721B4527E00219A96 /* SizeAndMove-macOS */,
				2F0FCE5621B4527E00219A96 /* Products */,
				2F0FCE6E21B6A09E00219A96 /* Frameworks */,
			);
			sourceTree = "<group>";
		};
		2F0FCE5621B4527E00219A96 /* Products */ = {
			isa = PBXGroup;
			children = (
				2F0FCE5521B4527E00219A96 /* SizeAndMove-macOS.app */,
			);
			name = Products;
			sourceTree = "<group>";
		};
		2F0FCE5721B4527E00219A96 /* SizeAndMove-macOS */ = {
			isa = PBXGroup;
			children = (
				2F0FCE5821B4527E00219A96 /* AppDelegate.swift */,
				2F0FCE8F21B724BC00219A96 /* CocoaHelper.swift */,
				2F0FCE6821B4565400219A96 /* PopoverViewController.swift */,
				2F0FCE5C21B4527F00219A96 /* Assets.xcassets */,
				2F0FCE5E21B4527F00219A96 /* Main.storyboard */,
				2F0FCE6A21B45AB300219A96 /* EventMonitor.swift */,
				2F0FCE6C21B69D9800219A96 /* AccessibilityHelper.swift */,
				2F0FCE6121B4527F00219A96 /* Info.plist */,
				2F0FCE6221B4527F00219A96 /* SizeAndMove_macOS.entitlements */,
			);
			path = "SizeAndMove-macOS";
			sourceTree = "<group>";
		};
		2F0FCE6E21B6A09E00219A96 /* Frameworks */ = {
			isa = PBXGroup;
			children = (
				2F0FCE6F21B6A09F00219A96 /* ApplicationServices.framework */,
			);
			name = Frameworks;
			sourceTree = "<group>";
		};
/* End PBXGroup section */

/* Begin PBXNativeTarget section */
		2F0FCE5421B4527E00219A96 /* SizeAndMove-macOS */ = {
			isa = PBXNativeTarget;
			buildConfigurationList = 2F0FCE6521B4527F00219A96 /* Build configuration list for PBXNativeTarget "SizeAndMove-macOS" */;
			buildPhases = (
				2F0FCE5121B4527E00219A96 /* Sources */,
				2F0FCE5221B4527E00219A96 /* Frameworks */,
				2F0FCE5321B4527E00219A96 /* Resources */,
			);
			buildRules = (
			);
			dependencies = (
			);
			name = "SizeAndMove-macOS";
			productName = "SizeAndMove-macOS";
			productReference = 2F0FCE5521B4527E00219A96 /* SizeAndMove-macOS.app */;
			productType = "com.apple.product-type.application";
		};
/* End PBXNativeTarget section */

/* Begin PBXProject section */
		2F0FCE4D21B4527E00219A96 /* Project object */ = {
			isa = PBXProject;
			attributes = {
				LastSwiftUpdateCheck = 1010;
				LastUpgradeCheck = 1010;
				ORGANIZATIONNAME = "Timo Jääskeläinen";
				TargetAttributes = {
					2F0FCE5421B4527E00219A96 = {
						CreatedOnToolsVersion = 10.1;
					};
				};
			};
			buildConfigurationList = 2F0FCE5021B4527E00219A96 /* Build configuration list for PBXProject "SizeAndMove-macOS" */;
			compatibilityVersion = "Xcode 9.3";
			developmentRegion = en;
			hasScannedForEncodings = 0;
			knownRegions = (
				en,
				Base,
			);
			mainGroup = 2F0FCE4C21B4527E00219A96;
			productRefGroup = 2F0FCE5621B4527E00219A96 /* Products */;
			projectDirPath = "";
			projectRoot = "";
			targets = (
				2F0FCE5421B4527E00219A96 /* SizeAndMove-macOS */,
			);
		};
/* End PBXProject section */

/* Begin PBXResourcesBuildPhase section */
		2F0FCE5321B4527E00219A96 /* Resources */ = {
			isa = PBXResourcesBuildPhase;
			buildActionMask = 2147483647;
			files = (
				2F0FCE5D21B4527F00219A96 /* Assets.xcassets in Resources */,
				2F0FCE6021B4527F00219A96 /* Main.storyboard in Resources */,
			);
			runOnlyForDeploymentPostprocessing = 0;
		};
/* End PBXResourcesBuildPhase section */

/* Begin PBXSourcesBuildPhase section */
		2F0FCE5121B4527E00219A96 /* Sources */ = {
			isa = PBXSourcesBuildPhase;
			buildActionMask = 2147483647;
			files = (
				2F0FCE6D21B69D9800219A96 /* AccessibilityHelper.swift in Sources */,
				2F0FCE6B21B45AB300219A96 /* EventMonitor.swift in Sources */,
				2F0FCE5921B4527E00219A96 /* AppDelegate.swift in Sources */,
				2F0FCE9021B724BC00219A96 /* CocoaHelper.swift in Sources */,
				2F0FCE6921B4565400219A96 /* PopoverViewController.swift in Sources */,
			);
			runOnlyForDeploymentPostprocessing = 0;
		};
/* End PBXSourcesBuildPhase section */

/* Begin PBXVariantGroup section */
		2F0FCE5E21B4527F00219A96 /* Main.storyboard */ = {
			isa = PBXVariantGroup;
			children = (
				2F0FCE5F21B4527F00219A96 /* Base */,
			);
			name = Main.storyboard;
			sourceTree = "<group>";
		};
/* End PBXVariantGroup section */

/* Begin XCBuildConfiguration section */
		2F0FCE6321B4527F00219A96 /* Debug */ = {
			isa = XCBuildConfiguration;
			buildSettings = {
				ALWAYS_SEARCH_USER_PATHS = NO;
				CLANG_ANALYZER_NONNULL = YES;
				CLANG_ANALYZER_NUMBER_OBJECT_CONVERSION = YES_AGGRESSIVE;
				CLANG_CXX_LANGUAGE_STANDARD = "gnu++14";
				CLANG_CXX_LIBRARY = "libc++";
				CLANG_ENABLE_MODULES = YES;
				CLANG_ENABLE_OBJC_ARC = YES;
				CLANG_ENABLE_OBJC_WEAK = YES;
				CLANG_WARN_BLOCK_CAPTURE_AUTORELEASING = YES;
				CLANG_WARN_BOOL_CONVERSION = YES;
				CLANG_WARN_COMMA = YES;
				CLANG_WARN_CONSTANT_CONVERSION = YES;
				CLANG_WARN_DEPRECATED_OBJC_IMPLEMENTATIONS = YES;
				CLANG_WARN_DIRECT_OBJC_ISA_USAGE = YES_ERROR;
				CLANG_WARN_DOCUMENTATION_COMMENTS = YES;
				CLANG_WARN_EMPTY_BODY = YES;
				CLANG_WARN_ENUM_CONVERSION = YES;
				CLANG_WARN_INFINITE_RECURSION = YES;
				CLANG_WARN_INT_CONVERSION = YES;
				CLANG_WARN_NON_LITERAL_NULL_CONVERSION = YES;
				CLANG_WARN_OBJC_IMPLICIT_RETAIN_SELF = YES;
				CLANG_WARN_OBJC_LITERAL_CONVERSION = YES;
				CLANG_WARN_OBJC_ROOT_CLASS = YES_ERROR;
				CLANG_WARN_RANGE_LOOP_ANALYSIS = YES;
				CLANG_WARN_STRICT_PROTOTYPES = YES;
				CLANG_WARN_SUSPICIOUS_MOVE = YES;
				CLANG_WARN_UNGUARDED_AVAILABILITY = YES_AGGRESSIVE;
				CLANG_WARN_UNREACHABLE_CODE = YES;
				CLANG_WARN__DUPLICATE_METHOD_MATCH = YES;
				CODE_SIGN_IDENTITY = "Mac Developer";
				COPY_PHASE_STRIP = NO;
				DEBUG_INFORMATION_FORMAT = dwarf;
				ENABLE_STRICT_OBJC_MSGSEND = YES;
				ENABLE_TESTABILITY = YES;
				GCC_C_LANGUAGE_STANDARD = gnu11;
				GCC_DYNAMIC_NO_PIC = NO;
				GCC_NO_COMMON_BLOCKS = YES;
				GCC_OPTIMIZATION_LEVEL = 0;
				GCC_PREPROCESSOR_DEFINITIONS = (
					"DEBUG=1",
					"$(inherited)",
				);
				GCC_WARN_64_TO_32_BIT_CONVERSION = YES;
				GCC_WARN_ABOUT_RETURN_TYPE = YES_ERROR;
				GCC_WARN_UNDECLARED_SELECTOR = YES;
				GCC_WARN_UNINITIALIZED_AUTOS = YES_AGGRESSIVE;
				GCC_WARN_UNUSED_FUNCTION = YES;
				GCC_WARN_UNUSED_VARIABLE = YES;
				MACOSX_DEPLOYMENT_TARGET = 10.14;
				MTL_ENABLE_DEBUG_INFO = INCLUDE_SOURCE;
				MTL_FAST_MATH = YES;
				ONLY_ACTIVE_ARCH = YES;
				SDKROOT = macosx;
				SWIFT_ACTIVE_COMPILATION_CONDITIONS = DEBUG;
				SWIFT_OPTIMIZATION_LEVEL = "-Onone";
			};
			name = Debug;
		};
		2F0FCE6421B4527F00219A96 /* Release */ = {
			isa = XCBuildConfiguration;
			buildSettings = {
				ALWAYS_SEARCH_USER_PATHS = NO;
				CLANG_ANALYZER_NONNULL = YES;
				CLANG_ANALYZER_NUMBER_OBJECT_CONVERSION = YES_AGGRESSIVE;
				CLANG_CXX_LANGUAGE_STANDARD = "gnu++14";
				CLANG_CXX_LIBRARY = "libc++";
				CLANG_ENABLE_MODULES = YES;
				CLANG_ENABLE_OBJC_ARC = YES;
				CLANG_ENABLE_OBJC_WEAK = YES;
				CLANG_WARN_BLOCK_CAPTURE_AUTORELEASING = YES;
				CLANG_WARN_BOOL_CONVERSION = YES;
				CLANG_WARN_COMMA = YES;
				CLANG_WARN_CONSTANT_CONVERSION = YES;
				CLANG_WARN_DEPRECATED_OBJC_IMPLEMENTATIONS = YES;
				CLANG_WARN_DIRECT_OBJC_ISA_USAGE = YES_ERROR;
				CLANG_WARN_DOCUMENTATION_COMMENTS = YES;
				CLANG_WARN_EMPTY_BODY = YES;
				CLANG_WARN_ENUM_CONVERSION = YES;
				CLANG_WARN_INFINITE_RECURSION = YES;
				CLANG_WARN_INT_CONVERSION = YES;
				CLANG_WARN_NON_LITERAL_NULL_CONVERSION = YES;
				CLANG_WARN_OBJC_IMPLICIT_RETAIN_SELF = YES;
				CLANG_WARN_OBJC_LITERAL_CONVERSION = YES;
				CLANG_WARN_OBJC_ROOT_CLASS = YES_ERROR;
				CLANG_WARN_RANGE_LOOP_ANALYSIS = YES;
				CLANG_WARN_STRICT_PROTOTYPES = YES;
				CLANG_WARN_SUSPICIOUS_MOVE = YES;
				CLANG_WARN_UNGUARDED_AVAILABILITY = YES_AGGRESSIVE;
				CLANG_WARN_UNREACHABLE_CODE = YES;
				CLANG_WARN__DUPLICATE_METHOD_MATCH = YES;
				CODE_SIGN_IDENTITY = "Mac Developer";
				COPY_PHASE_STRIP = NO;
				DEBUG_INFORMATION_FORMAT = "dwarf-with-dsym";
				ENABLE_NS_ASSERTIONS = NO;
				ENABLE_STRICT_OBJC_MSGSEND = YES;
				GCC_C_LANGUAGE_STANDARD = gnu11;
				GCC_NO_COMMON_BLOCKS = YES;
				GCC_WARN_64_TO_32_BIT_CONVERSION = YES;
				GCC_WARN_ABOUT_RETURN_TYPE = YES_ERROR;
				GCC_WARN_UNDECLARED_SELECTOR = YES;
				GCC_WARN_UNINITIALIZED_AUTOS = YES_AGGRESSIVE;
				GCC_WARN_UNUSED_FUNCTION = YES;
				GCC_WARN_UNUSED_VARIABLE = YES;
				MACOSX_DEPLOYMENT_TARGET = 10.14;
				MTL_ENABLE_DEBUG_INFO = NO;
				MTL_FAST_MATH = YES;
				SDKROOT = macosx;
				SWIFT_COMPILATION_MODE = wholemodule;
				SWIFT_OPTIMIZATION_LEVEL = "-O";
			};
			name = Release;
		};
		2F0FCE6621B4527F00219A96 /* Debug */ = {
			isa = XCBuildConfiguration;
			buildSettings = {
				ASSETCATALOG_COMPILER_APPICON_NAME = AppIcon;
				CODE_SIGN_ENTITLEMENTS = "SizeAndMove-macOS/SizeAndMove_macOS.entitlements";
				CODE_SIGN_STYLE = Automatic;
				COMBINE_HIDPI_IMAGES = YES;
				DEVELOPMENT_TEAM = 6W4GZQ5Z99;
				INFOPLIST_FILE = "SizeAndMove-macOS/Info.plist";
				LD_RUNPATH_SEARCH_PATHS = (
					"$(inherited)",
					"@executable_path/../Frameworks",
				);
				MACOSX_DEPLOYMENT_TARGET = 10.14;
				PRODUCT_BUNDLE_IDENTIFIER = "com.timojaask.SizeAndMove-macOS";
				PRODUCT_NAME = "$(TARGET_NAME)";
				SWIFT_VERSION = 4.2;
			};
			name = Debug;
		};
		2F0FCE6721B4527F00219A96 /* Release */ = {
			isa = XCBuildConfiguration;
			buildSettings = {
				ASSETCATALOG_COMPILER_APPICON_NAME = AppIcon;
				CODE_SIGN_ENTITLEMENTS = "SizeAndMove-macOS/SizeAndMove_macOS.entitlements";
				CODE_SIGN_STYLE = Automatic;
				COMBINE_HIDPI_IMAGES = YES;
				DEVELOPMENT_TEAM = 6W4GZQ5Z99;
				INFOPLIST_FILE = "SizeAndMove-macOS/Info.plist";
				LD_RUNPATH_SEARCH_PATHS = (
					"$(inherited)",
					"@executable_path/../Frameworks",
				);
				MACOSX_DEPLOYMENT_TARGET = 10.14;
				PRODUCT_BUNDLE_IDENTIFIER = "com.timojaask.SizeAndMove-macOS";
				PRODUCT_NAME = "$(TARGET_NAME)";
				SWIFT_VERSION = 4.2;
			};
			name = Release;
		};
/* End XCBuildConfiguration section */

/* Begin XCConfigurationList section */
		2F0FCE5021B4527E00219A96 /* Build configuration list for PBXProject "SizeAndMove-macOS" */ = {
			isa = XCConfigurationList;
			buildConfigurations = (
				2F0FCE6321B4527F00219A96 /* Debug */,
				2F0FCE6421B4527F00219A96 /* Release */,
			);
			defaultConfigurationIsVisible = 0;
			defaultConfigurationName = Release;
		};
		2F0FCE6521B4527F00219A96 /* Build configuration list for PBXNativeTarget "SizeAndMove-macOS" */ = {
			isa = XCConfigurationList;
			buildConfigurations = (
				2F0FCE6621B4527F00219A96 /* Debug */,
				2F0FCE6721B4527F00219A96 /* Release */,
			);
			defaultConfigurationIsVisible = 0;
			defaultConfigurationName = Release;
		};
/* End XCConfigurationList section */
	};
	rootObject = 2F0FCE4D21B4527E00219A96 /* Project object */;
}
